
Microsoft Visual Studio Solution File, Format Version 12.00
# Visual Studio Version 16
VisualStudioVersion = 16.0.30320.27
MinimumVisualStudioVersion = 10.0.40219.1
Project("{F2A71F9B-5D33-465A-A702-920D77279786}") = "AnimationTool.Common", "AnimationTool.Common\AnimationTool.Common.fsproj", "{BCFFF0D7-ABC8-49CD-A87F-E2029DF0E2FB}"
EndProject
Project("{FAE04EC0-301F-11D3-BF4B-00C04F79EFBC}") = "AnimationTool.Android", "AnimationTool.Android\AnimationTool.Android.csproj", "{32E3F090-35CE-4083-9A2D-FCC5C8A07036}"
EndProject
Project("{F2A71F9B-5D33-465A-A702-920D77279786}") = "AnimationTool.Desktop", "AnimationTool.Desktop\AnimationTool.Desktop.fsproj", "{E28090C3-2A2B-47AD-B5C4-DBB02C3A1463}"
EndProject
Global
	GlobalSection(SolutionConfigurationPlatforms) = preSolution
		Debug|Any CPU = Debug|Any CPU
		Release|Any CPU = Release|Any CPU
	EndGlobalSection
	GlobalSection(ProjectConfigurationPlatforms) = postSolution
		{BCFFF0D7-ABC8-49CD-A87F-E2029DF0E2FB}.Debug|Any CPU.ActiveCfg = Debug|Any CPU
		{BCFFF0D7-ABC8-49CD-A87F-E2029DF0E2FB}.Debug|Any CPU.Build.0 = Debug|Any CPU
		{BCFFF0D7-ABC8-49CD-A87F-E2029DF0E2FB}.Release|Any CPU.ActiveCfg = Release|Any CPU
		{BCFFF0D7-ABC8-49CD-A87F-E2029DF0E2FB}.Release|Any CPU.Build.0 = Release|Any CPU
		{32E3F090-35CE-4083-9A2D-FCC5C8A07036}.Debug|Any CPU.ActiveCfg = Debug|Any CPU
		{32E3F090-35CE-4083-9A2D-FCC5C8A07036}.Debug|Any CPU.Build.0 = Debug|Any CPU
		{32E3F090-35CE-4083-9A2D-FCC5C8A07036}.Debug|Any CPU.Deploy.0 = Debug|Any CPU
		{32E3F090-35CE-4083-9A2D-FCC5C8A07036}.Release|Any CPU.ActiveCfg = Release|Any CPU
		{32E3F090-35CE-4083-9A2D-FCC5C8A07036}.Release|Any CPU.Build.0 = Release|Any CPU
		{32E3F090-35CE-4083-9A2D-FCC5C8A07036}.Release|Any CPU.Deploy.0 = Release|Any CPU
		{E28090C3-2A2B-47AD-B5C4-DBB02C3A1463}.Debug|Any CPU.ActiveCfg = Debug|Any CPU
		{E28090C3-2A2B-47AD-B5C4-DBB02C3A1463}.Debug|Any CPU.Build.0 = Debug|Any CPU
		{E28090C3-2A2B-47AD-B5C4-DBB02C3A1463}.Release|Any CPU.ActiveCfg = Release|Any CPU
		{E28090C3-2A2B-47AD-B5C4-DBB02C3A1463}.Release|Any CPU.Build.0 = Release|Any CPU
	EndGlobalSection
	GlobalSection(SolutionProperties) = preSolution
		HideSolutionNode = FALSE
	EndGlobalSection
	GlobalSection(ExtensibilityGlobals) = postSolution
		SolutionGuid = {9F58B9E9-BC44-4FAC-8DD8-03F7B0308B5A}
	EndGlobalSection
EndGlobal
